
Microsoft Visual Studio Solution File, Format Version 12.00
# Visual Studio Version 16
VisualStudioVersion = 16.0.29709.97
MinimumVisualStudioVersion = 10.0.40219.1
Project("{FAE04EC0-301F-11D3-BF4B-00C04F79EFBC}") = "NeuroNet", "NeuroNet\NeuroNet.csproj", "{C60BEFF9-830E-4C28-8C2F-72099D3CCDE5}"
EndProject
Global
	GlobalSection(SolutionConfigurationPlatforms) = preSolution
		Debug|Any CPU = Debug|Any CPU
		Release|Any CPU = Release|Any CPU
	EndGlobalSection
	GlobalSection(ProjectConfigurationPlatforms) = postSolution
		{C60BEFF9-830E-4C28-8C2F-72099D3CCDE5}.Debug|Any CPU.ActiveCfg = Debug|Any CPU
		{C60BEFF9-830E-4C28-8C2F-72099D3CCDE5}.Debug|Any CPU.Build.0 = Debug|Any CPU
		{C60BEFF9-830E-4C28-8C2F-72099D3CCDE5}.Release|Any CPU.ActiveCfg = Release|Any CPU
		{C60BEFF9-830E-4C28-8C2F-72099D3CCDE5}.Release|Any CPU.Build.0 = Release|Any CPU
	EndGlobalSection
	GlobalSection(SolutionProperties) = preSolution
		HideSolutionNode = FALSE
	EndGlobalSection
	GlobalSection(ExtensibilityGlobals) = postSolution
		SolutionGuid = {BFECCC34-7DC2-4B0B-88D4-5317CF2B93A3}
	EndGlobalSection
EndGlobal
